{
  "name": "ag-ui-protocol-semantic-interop",
  "lockfileVersion": 3,
  "requires": true,
  "packages": {
    "": {
      "name": "ag-ui-protocol-semantic-interop",
      "dependencies": {
        "@ag-ui/core": "0.0.59",
        "zod": "3.25.76"
      },
      "engines": {
        "node": ">=22"
      }
    },
    "node_modules/@ag-ui/core": {
      "version": "0.0.59",
      "resolved": "https://registry.npmjs.org/@ag-ui/core/-/core-0.0.59.tgz",
      "integrity": "sha512-hDgy4ipTqXieT8YG8Mr917Y+FD/f11VK1GefZ5CwTDCuNqS/oTwjJ5l/DZkicThgS8hQW/Y7wPylPBMBJ8BkUg==",
      "license": "MIT",
      "dependencies": {
        "zod": "^3.22.4"
      }
    },
    "node_modules/zod": {
      "version": "3.25.76",
      "resolved": "https://registry.npmjs.org/zod/-/zod-3.25.76.tgz",
      "integrity": "sha512-gzUt/qt81nXsFGKIFcC3YnfEAx5NkunCfnDlvuBSSFS02bcXu4Lmea0AFIUwbLWxWPx3d9p8S5QoaujKcNQxcQ==",
      "license": "MIT",
      "funding": {
        "url": "https://github.com/sponsors/colinhacks"
      }
    }
  }
}
